
Microsoft Visual Studio Solution File, Format Version 12.00
# Visual Studio Version 17
VisualStudioVersion = 17.9.34607.119
MinimumVisualStudioVersion = 10.0.40219.1
Project("{FAE04EC0-301F-11D3-BF4B-00C04F79EFBC}") = "Intro", "Intro\Intro.csproj", "{115C19FE-97F1-433F-8231-8CBE24013AA3}"
EndProject
Global
	GlobalSection(SolutionConfigurationPlatforms) = preSolution
		Debug|Any CPU = Debug|Any CPU
		Release|Any CPU = Release|Any CPU
	EndGlobalSection
	GlobalSection(ProjectConfigurationPlatforms) = postSolution
		{115C19FE-97F1-433F-8231-8CBE24013AA3}.Debug|Any CPU.ActiveCfg = Debug|Any CPU
		{115C19FE-97F1-433F-8231-8CBE24013AA3}.Debug|Any CPU.Build.0 = Debug|Any CPU
		{115C19FE-97F1-433F-8231-8CBE24013AA3}.Release|Any CPU.ActiveCfg = Release|Any CPU
		{115C19FE-97F1-433F-8231-8CBE24013AA3}.Release|Any CPU.Build.0 = Release|Any CPU
	EndGlobalSection
	GlobalSection(SolutionProperties) = preSolution
		HideSolutionNode = FALSE
	EndGlobalSection
	GlobalSection(ExtensibilityGlobals) = postSolution
		SolutionGuid = {FAFAF588-2B81-4AE1-970A-69DB319CFD8B}
	EndGlobalSection
EndGlobal
